// !$*UTF8*$!
{
	archiveVersion = 1;
	classes = {
	};
	objectVersion = 50;
	objects = {

/* Begin PBXBuildFile section */
		32F517FD218786CB00E026F3 /* Service+POST.swift in Sources */ = {isa = PBXBuildFile; fileRef = 32F517FA218786CB00E026F3 /* Service+POST.swift */; };
		32F517FE218786CB00E026F3 /* Service+GET.swift in Sources */ = {isa = PBXBuildFile; fileRef = 32F517FB218786CB00E026F3 /* Service+GET.swift */; };
		32F5180A21884D6600E026F3 /* Service+Authentication.swift in Sources */ = {isa = PBXBuildFile; fileRef = 32F5180921884D6600E026F3 /* Service+Authentication.swift */; };
		32F5180C218856A900E026F3 /* Service.swift in Sources */ = {isa = PBXBuildFile; fileRef = 32F5180B218856A900E026F3 /* Service.swift */; };
		32F5180F21885BEF00E026F3 /* SignInViewController.swift in Sources */ = {isa = PBXBuildFile; fileRef = 32F5180D21885BEF00E026F3 /* SignInViewController.swift */; };
		32F5181021885BEF00E026F3 /* SignInViewController.xib in Resources */ = {isa = PBXBuildFile; fileRef = 32F5180E21885BEF00E026F3 /* SignInViewController.xib */; };
		32F5181A2188793E00E026F3 /* WelcomeViewController.xib in Resources */ = {isa = PBXBuildFile; fileRef = 32F518192188793E00E026F3 /* WelcomeViewController.xib */; };
		32F5181C218879C800E026F3 /* WelcomeViewController.swift in Sources */ = {isa = PBXBuildFile; fileRef = 32F5181B218879C800E026F3 /* WelcomeViewController.swift */; };
		32F5181E2188939800E026F3 /* UIVew+Animation.swift in Sources */ = {isa = PBXBuildFile; fileRef = 32F5181D2188939800E026F3 /* UIVew+Animation.swift */; };
		32F5182221889E8D00E026F3 /* SignUpViewController.xib in Resources */ = {isa = PBXBuildFile; fileRef = 32F5182021889E8D00E026F3 /* SignUpViewController.xib */; };
		32F5182321889E8D00E026F3 /* SignUpViewController.swift in Sources */ = {isa = PBXBuildFile; fileRef = 32F5182121889E8D00E026F3 /* SignUpViewController.swift */; };
		62984BE82189A9B80082121E /* UserListViewController.swift in Sources */ = {isa = PBXBuildFile; fileRef = 62984BE62189A9B80082121E /* UserListViewController.swift */; };
		62984BE92189A9B80082121E /* UserListViewController.xib in Resources */ = {isa = PBXBuildFile; fileRef = 62984BE72189A9B80082121E /* UserListViewController.xib */; };
		62984BF72189B11F0082121E /* UIViewController+ShowErrorAlert.swift in Sources */ = {isa = PBXBuildFile; fileRef = 62984BF62189B11F0082121E /* UIViewController+ShowErrorAlert.swift */; };
		62984BF92189B8120082121E /* UIView+Shake.swift in Sources */ = {isa = PBXBuildFile; fileRef = 62984BF82189B8120082121E /* UIView+Shake.swift */; };
		62984BFB2189B88E0082121E /* UserListViewController+TableView.swift in Sources */ = {isa = PBXBuildFile; fileRef = 62984BFA2189B88E0082121E /* UserListViewController+TableView.swift */; };
		62984BFD2189BBBC0082121E /* Dactionary+Users.swift in Sources */ = {isa = PBXBuildFile; fileRef = 62984BFC2189BBBC0082121E /* Dactionary+Users.swift */; };
		62984C022189BE900082121E /* UserTableViewCell.xib in Resources */ = {isa = PBXBuildFile; fileRef = 62984C002189BE900082121E /* UserTableViewCell.xib */; };
		62984C032189BE900082121E /* UserTableViewCell.swift in Sources */ = {isa = PBXBuildFile; fileRef = 62984C012189BE900082121E /* UserTableViewCell.swift */; };
		62984C062189BFE90082121E /* Constants+NibNames.swift in Sources */ = {isa = PBXBuildFile; fileRef = 62984C052189BFE90082121E /* Constants+NibNames.swift */; };
		62984C082189C0140082121E /* UIColor+UserColor.swift in Sources */ = {isa = PBXBuildFile; fileRef = 62984C072189C0140082121E /* UIColor+UserColor.swift */; };
		62984C0A2189C7D20082121E /* UserListViewController+FetchUsers.swift in Sources */ = {isa = PBXBuildFile; fileRef = 62984C092189C7D20082121E /* UserListViewController+FetchUsers.swift */; };
		62984C0C2189C8300082121E /* Navigation.swift in Sources */ = {isa = PBXBuildFile; fileRef = 62984C0B2189C8300082121E /* Navigation.swift */; };
		62984C0F2189C8C60082121E /* KituraTabBarController.swift in Sources */ = {isa = PBXBuildFile; fileRef = 62984C0E2189C8C60082121E /* KituraTabBarController.swift */; };
		62984C112189F6230082121E /* UIViewController+KeyboardHandler.swift in Sources */ = {isa = PBXBuildFile; fileRef = 62984C102189F6230082121E /* UIViewController+KeyboardHandler.swift */; };
		62984C132189FC940082121E /* SignUpViewController+KeyboardHandling.swift in Sources */ = {isa = PBXBuildFile; fileRef = 62984C122189FC940082121E /* SignUpViewController+KeyboardHandling.swift */; };
		62984C152189FF220082121E /* SignUpViewController+UITextFieldDelegate.swift in Sources */ = {isa = PBXBuildFile; fileRef = 62984C142189FF220082121E /* SignUpViewController+UITextFieldDelegate.swift */; };
		62984C17218A026C0082121E /* SignInViewController+KeyboardHandling.swift in Sources */ = {isa = PBXBuildFile; fileRef = 62984C16218A026C0082121E /* SignInViewController+KeyboardHandling.swift */; };
		62984C19218A02830082121E /* SignInViewController+UITextFieldDelegate.swift in Sources */ = {isa = PBXBuildFile; fileRef = 62984C18218A02830082121E /* SignInViewController+UITextFieldDelegate.swift */; };
		692D30B421822FBB00BB5420 /* AppDelegate.swift in Sources */ = {isa = PBXBuildFile; fileRef = 692D30B321822FBB00BB5420 /* AppDelegate.swift */; };
		692D30B921822FBB00BB5420 /* Main.storyboard in Resources */ = {isa = PBXBuildFile; fileRef = 692D30B721822FBB00BB5420 /* Main.storyboard */; };
		692D30BB21822FBC00BB5420 /* Assets.xcassets in Resources */ = {isa = PBXBuildFile; fileRef = 692D30BA21822FBC00BB5420 /* Assets.xcassets */; };
		692D30BE21822FBC00BB5420 /* LaunchScreen.storyboard in Resources */ = {isa = PBXBuildFile; fileRef = 692D30BC21822FBC00BB5420 /* LaunchScreen.storyboard */; };
		692D30D821823EDC00BB5420 /* Reason.swift in Sources */ = {isa = PBXBuildFile; fileRef = 692D30D321823EDC00BB5420 /* Reason.swift */; };
		692D30D921823EDC00BB5420 /* Cred.swift in Sources */ = {isa = PBXBuildFile; fileRef = 692D30D421823EDC00BB5420 /* Cred.swift */; };
		692D30DA21823EDC00BB5420 /* User.swift in Sources */ = {isa = PBXBuildFile; fileRef = 692D30D521823EDC00BB5420 /* User.swift */; };
		692D30DB21823EDC00BB5420 /* Record.swift in Sources */ = {isa = PBXBuildFile; fileRef = 692D30D621823EDC00BB5420 /* Record.swift */; };
		692D30DC21823EDC00BB5420 /* Color.swift in Sources */ = {isa = PBXBuildFile; fileRef = 692D30D721823EDC00BB5420 /* Color.swift */; };
		7467FEF4A1461D5059EFB5F5 /* Pods_KituraTeamSchedule.framework in Frameworks */ = {isa = PBXBuildFile; fileRef = 041672A5B435806AB3E9516B /* Pods_KituraTeamSchedule.framework */; };
		DA877A6C218A180B0007B147 /* KPIDateSetter.xib in Resources */ = {isa = PBXBuildFile; fileRef = DA877A68218A180B0007B147 /* KPIDateSetter.xib */; };
		DA877A6D218A180B0007B147 /* AddRecordViewController.xib in Resources */ = {isa = PBXBuildFile; fileRef = DA877A69218A180B0007B147 /* AddRecordViewController.xib */; };
		DA877A6E218A180B0007B147 /* KPIDateSetter.swift in Sources */ = {isa = PBXBuildFile; fileRef = DA877A6A218A180B0007B147 /* KPIDateSetter.swift */; };
		DA877A6F218A180B0007B147 /* AddRecordViewController.swift in Sources */ = {isa = PBXBuildFile; fileRef = DA877A6B218A180B0007B147 /* AddRecordViewController.swift */; };
		DA877A72218A1E0F0007B147 /* UItextField+Appearance.swift in Sources */ = {isa = PBXBuildFile; fileRef = DA877A71218A1E0F0007B147 /* UItextField+Appearance.swift */; };
		DABBB5EC2189EB80004E6793 /* Date+Format.swift in Sources */ = {isa = PBXBuildFile; fileRef = DABBB5E62189EB80004E6793 /* Date+Format.swift */; };
		DABBB5ED2189EB80004E6793 /* String+Format.swift in Sources */ = {isa = PBXBuildFile; fileRef = DABBB5E72189EB80004E6793 /* String+Format.swift */; };
		DABBB5EF2189EB80004E6793 /* UIViewController+Constraints.swift in Sources */ = {isa = PBXBuildFile; fileRef = DABBB5E92189EB80004E6793 /* UIViewController+Constraints.swift */; };
		DABBB5F62189EBC5004E6793 /* RecordsViewController+TableView.swift in Sources */ = {isa = PBXBuildFile; fileRef = DABBB5F32189EBC5004E6793 /* RecordsViewController+TableView.swift */; };
		DABBB5F72189EBC5004E6793 /* RecordsViewController+SetupViews.swift in Sources */ = {isa = PBXBuildFile; fileRef = DABBB5F42189EBC5004E6793 /* RecordsViewController+SetupViews.swift */; };
		DABBB5F82189EBC5004E6793 /* RecordsViewController.swift in Sources */ = {isa = PBXBuildFile; fileRef = DABBB5F52189EBC5004E6793 /* RecordsViewController.swift */; };
		DABBB5FE2189EC3F004E6793 /* RLDetailedView.swift in Sources */ = {isa = PBXBuildFile; fileRef = DABBB5FA2189EC3F004E6793 /* RLDetailedView.swift */; };
		DABBB5FF2189EC3F004E6793 /* RLDescriptionView.swift in Sources */ = {isa = PBXBuildFile; fileRef = DABBB5FB2189EC3F004E6793 /* RLDescriptionView.swift */; };
		DABBB6002189EC3F004E6793 /* RLTableViewCell.xib in Resources */ = {isa = PBXBuildFile; fileRef = DABBB5FC2189EC3F004E6793 /* RLTableViewCell.xib */; };
		DABBB6012189EC3F004E6793 /* RLTableViewCell.swift in Sources */ = {isa = PBXBuildFile; fileRef = DABBB5FD2189EC3F004E6793 /* RLTableViewCell.swift */; };
/* End PBXBuildFile section */

/* Begin PBXFileReference section */
		041672A5B435806AB3E9516B /* Pods_KituraTeamSchedule.framework */ = {isa = PBXFileReference; explicitFileType = wrapper.framework; includeInIndex = 0; path = Pods_KituraTeamSchedule.framework; sourceTree = BUILT_PRODUCTS_DIR; };
		32F517FA218786CB00E026F3 /* Service+POST.swift */ = {isa = PBXFileReference; fileEncoding = 4; lastKnownFileType = sourcecode.swift; path = "Service+POST.swift"; sourceTree = "<group>"; };
		32F517FB218786CB00E026F3 /* Service+GET.swift */ = {isa = PBXFileReference; fileEncoding = 4; lastKnownFileType = sourcecode.swift; path = "Service+GET.swift"; sourceTree = "<group>"; };
		32F5180921884D6600E026F3 /* Service+Authentication.swift */ = {isa = PBXFileReference; lastKnownFileType = sourcecode.swift; path = "Service+Authentication.swift"; sourceTree = "<group>"; };
		32F5180B218856A900E026F3 /* Service.swift */ = {isa = PBXFileReference; lastKnownFileType = sourcecode.swift; path = Service.swift; sourceTree = "<group>"; };
		32F5180D21885BEF00E026F3 /* SignInViewController.swift */ = {isa = PBXFileReference; lastKnownFileType = sourcecode.swift; path = SignInViewController.swift; sourceTree = "<group>"; };
		32F5180E21885BEF00E026F3 /* SignInViewController.xib */ = {isa = PBXFileReference; lastKnownFileType = file.xib; path = SignInViewController.xib; sourceTree = "<group>"; };
		32F518192188793E00E026F3 /* WelcomeViewController.xib */ = {isa = PBXFileReference; lastKnownFileType = file.xib; path = WelcomeViewController.xib; sourceTree = "<group>"; };
		32F5181B218879C800E026F3 /* WelcomeViewController.swift */ = {isa = PBXFileReference; fileEncoding = 4; lastKnownFileType = sourcecode.swift; path = WelcomeViewController.swift; sourceTree = "<group>"; };
		32F5181D2188939800E026F3 /* UIVew+Animation.swift */ = {isa = PBXFileReference; lastKnownFileType = sourcecode.swift; path = "UIVew+Animation.swift"; sourceTree = "<group>"; };
		32F5182021889E8D00E026F3 /* SignUpViewController.xib */ = {isa = PBXFileReference; fileEncoding = 4; lastKnownFileType = file.xib; path = SignUpViewController.xib; sourceTree = "<group>"; };
		32F5182121889E8D00E026F3 /* SignUpViewController.swift */ = {isa = PBXFileReference; fileEncoding = 4; lastKnownFileType = sourcecode.swift; path = SignUpViewController.swift; sourceTree = "<group>"; };
		4F9518F0CBA3EEABD1170329 /* Pods-KituraTeamSchedule.release.xcconfig */ = {isa = PBXFileReference; includeInIndex = 1; lastKnownFileType = text.xcconfig; name = "Pods-KituraTeamSchedule.release.xcconfig"; path = "Pods/Target Support Files/Pods-KituraTeamSchedule/Pods-KituraTeamSchedule.release.xcconfig"; sourceTree = "<group>"; };
		62984BE62189A9B80082121E /* UserListViewController.swift */ = {isa = PBXFileReference; lastKnownFileType = sourcecode.swift; path = UserListViewController.swift; sourceTree = "<group>"; };
		62984BE72189A9B80082121E /* UserListViewController.xib */ = {isa = PBXFileReference; lastKnownFileType = file.xib; path = UserListViewController.xib; sourceTree = "<group>"; };
		62984BF62189B11F0082121E /* UIViewController+ShowErrorAlert.swift */ = {isa = PBXFileReference; lastKnownFileType = sourcecode.swift; path = "UIViewController+ShowErrorAlert.swift"; sourceTree = "<group>"; };
		62984BF82189B8120082121E /* UIView+Shake.swift */ = {isa = PBXFileReference; lastKnownFileType = sourcecode.swift; path = "UIView+Shake.swift"; sourceTree = "<group>"; };
		62984BFA2189B88E0082121E /* UserListViewController+TableView.swift */ = {isa = PBXFileReference; lastKnownFileType = sourcecode.swift; path = "UserListViewController+TableView.swift"; sourceTree = "<group>"; };
		62984BFC2189BBBC0082121E /* Dactionary+Users.swift */ = {isa = PBXFileReference; lastKnownFileType = sourcecode.swift; path = "Dactionary+Users.swift"; sourceTree = "<group>"; };
		62984C002189BE900082121E /* UserTableViewCell.xib */ = {isa = PBXFileReference; fileEncoding = 4; lastKnownFileType = file.xib; path = UserTableViewCell.xib; sourceTree = "<group>"; };
		62984C012189BE900082121E /* UserTableViewCell.swift */ = {isa = PBXFileReference; fileEncoding = 4; lastKnownFileType = sourcecode.swift; path = UserTableViewCell.swift; sourceTree = "<group>"; };
		62984C052189BFE90082121E /* Constants+NibNames.swift */ = {isa = PBXFileReference; lastKnownFileType = sourcecode.swift; path = "Constants+NibNames.swift"; sourceTree = "<group>"; };
		62984C072189C0140082121E /* UIColor+UserColor.swift */ = {isa = PBXFileReference; lastKnownFileType = sourcecode.swift; path = "UIColor+UserColor.swift"; sourceTree = "<group>"; };
		62984C092189C7D20082121E /* UserListViewController+FetchUsers.swift */ = {isa = PBXFileReference; lastKnownFileType = sourcecode.swift; path = "UserListViewController+FetchUsers.swift"; sourceTree = "<group>"; };
		62984C0B2189C8300082121E /* Navigation.swift */ = {isa = PBXFileReference; lastKnownFileType = sourcecode.swift; path = Navigation.swift; sourceTree = "<group>"; };
		62984C0E2189C8C60082121E /* KituraTabBarController.swift */ = {isa = PBXFileReference; lastKnownFileType = sourcecode.swift; path = KituraTabBarController.swift; sourceTree = "<group>"; };
		62984C102189F6230082121E /* UIViewController+KeyboardHandler.swift */ = {isa = PBXFileReference; lastKnownFileType = sourcecode.swift; path = "UIViewController+KeyboardHandler.swift"; sourceTree = "<group>"; };
		62984C122189FC940082121E /* SignUpViewController+KeyboardHandling.swift */ = {isa = PBXFileReference; lastKnownFileType = sourcecode.swift; path = "SignUpViewController+KeyboardHandling.swift"; sourceTree = "<group>"; };
		62984C142189FF220082121E /* SignUpViewController+UITextFieldDelegate.swift */ = {isa = PBXFileReference; lastKnownFileType = sourcecode.swift; path = "SignUpViewController+UITextFieldDelegate.swift"; sourceTree = "<group>"; };
		62984C16218A026C0082121E /* SignInViewController+KeyboardHandling.swift */ = {isa = PBXFileReference; lastKnownFileType = sourcecode.swift; path = "SignInViewController+KeyboardHandling.swift"; sourceTree = "<group>"; };
		62984C18218A02830082121E /* SignInViewController+UITextFieldDelegate.swift */ = {isa = PBXFileReference; lastKnownFileType = sourcecode.swift; path = "SignInViewController+UITextFieldDelegate.swift"; sourceTree = "<group>"; };
		692D30B021822FBB00BB5420 /* KituraTeamSchedule.app */ = {isa = PBXFileReference; explicitFileType = wrapper.application; includeInIndex = 0; path = KituraTeamSchedule.app; sourceTree = BUILT_PRODUCTS_DIR; };
		692D30B321822FBB00BB5420 /* AppDelegate.swift */ = {isa = PBXFileReference; lastKnownFileType = sourcecode.swift; path = AppDelegate.swift; sourceTree = "<group>"; };
		692D30B821822FBB00BB5420 /* Base */ = {isa = PBXFileReference; lastKnownFileType = file.storyboard; name = Base; path = Base.lproj/Main.storyboard; sourceTree = "<group>"; };
		692D30BA21822FBC00BB5420 /* Assets.xcassets */ = {isa = PBXFileReference; lastKnownFileType = folder.assetcatalog; path = Assets.xcassets; sourceTree = "<group>"; };
		692D30BD21822FBC00BB5420 /* Base */ = {isa = PBXFileReference; lastKnownFileType = file.storyboard; name = Base; path = Base.lproj/LaunchScreen.storyboard; sourceTree = "<group>"; };
		692D30BF21822FBC00BB5420 /* Info.plist */ = {isa = PBXFileReference; lastKnownFileType = text.plist.xml; path = Info.plist; sourceTree = "<group>"; };
		692D30D321823EDC00BB5420 /* Reason.swift */ = {isa = PBXFileReference; fileEncoding = 4; lastKnownFileType = sourcecode.swift; path = Reason.swift; sourceTree = "<group>"; };
		692D30D421823EDC00BB5420 /* Cred.swift */ = {isa = PBXFileReference; fileEncoding = 4; lastKnownFileType = sourcecode.swift; path = Cred.swift; sourceTree = "<group>"; };
		692D30D521823EDC00BB5420 /* User.swift */ = {isa = PBXFileReference; fileEncoding = 4; lastKnownFileType = sourcecode.swift; path = User.swift; sourceTree = "<group>"; };
		692D30D621823EDC00BB5420 /* Record.swift */ = {isa = PBXFileReference; fileEncoding = 4; lastKnownFileType = sourcecode.swift; path = Record.swift; sourceTree = "<group>"; };
		692D30D721823EDC00BB5420 /* Color.swift */ = {isa = PBXFileReference; fileEncoding = 4; lastKnownFileType = sourcecode.swift; path = Color.swift; sourceTree = "<group>"; };
		CD3CA6494FE8361A28CA141B /* Pods-KituraTeamSchedule.debug.xcconfig */ = {isa = PBXFileReference; includeInIndex = 1; lastKnownFileType = text.xcconfig; name = "Pods-KituraTeamSchedule.debug.xcconfig"; path = "Pods/Target Support Files/Pods-KituraTeamSchedule/Pods-KituraTeamSchedule.debug.xcconfig"; sourceTree = "<group>"; };
		DA877A68218A180B0007B147 /* KPIDateSetter.xib */ = {isa = PBXFileReference; fileEncoding = 4; lastKnownFileType = file.xib; name = KPIDateSetter.xib; path = KituraTeamSchedule/Views/KPIDateSetter.xib; sourceTree = SOURCE_ROOT; };
		DA877A69218A180B0007B147 /* AddRecordViewController.xib */ = {isa = PBXFileReference; fileEncoding = 4; lastKnownFileType = file.xib; name = AddRecordViewController.xib; path = KituraTeamSchedule/ViewControllers/AddRecordViewController/AddRecordViewController.xib; sourceTree = SOURCE_ROOT; };
		DA877A6A218A180B0007B147 /* KPIDateSetter.swift */ = {isa = PBXFileReference; fileEncoding = 4; lastKnownFileType = sourcecode.swift; name = KPIDateSetter.swift; path = KituraTeamSchedule/Views/KPIDateSetter.swift; sourceTree = SOURCE_ROOT; };
		DA877A6B218A180B0007B147 /* AddRecordViewController.swift */ = {isa = PBXFileReference; fileEncoding = 4; lastKnownFileType = sourcecode.swift; name = AddRecordViewController.swift; path = KituraTeamSchedule/ViewControllers/AddRecordViewController/AddRecordViewController.swift; sourceTree = SOURCE_ROOT; };
		DA877A71218A1E0F0007B147 /* UItextField+Appearance.swift */ = {isa = PBXFileReference; lastKnownFileType = sourcecode.swift; path = "UItextField+Appearance.swift"; sourceTree = "<group>"; };
		DABBB5E62189EB80004E6793 /* Date+Format.swift */ = {isa = PBXFileReference; fileEncoding = 4; lastKnownFileType = sourcecode.swift; path = "Date+Format.swift"; sourceTree = "<group>"; };
		DABBB5E72189EB80004E6793 /* String+Format.swift */ = {isa = PBXFileReference; fileEncoding = 4; lastKnownFileType = sourcecode.swift; path = "String+Format.swift"; sourceTree = "<group>"; };
		DABBB5E92189EB80004E6793 /* UIViewController+Constraints.swift */ = {isa = PBXFileReference; fileEncoding = 4; lastKnownFileType = sourcecode.swift; path = "UIViewController+Constraints.swift"; sourceTree = "<group>"; };
		DABBB5F32189EBC5004E6793 /* RecordsViewController+TableView.swift */ = {isa = PBXFileReference; fileEncoding = 4; lastKnownFileType = sourcecode.swift; path = "RecordsViewController+TableView.swift"; sourceTree = "<group>"; };
		DABBB5F42189EBC5004E6793 /* RecordsViewController+SetupViews.swift */ = {isa = PBXFileReference; fileEncoding = 4; lastKnownFileType = sourcecode.swift; path = "RecordsViewController+SetupViews.swift"; sourceTree = "<group>"; };
		DABBB5F52189EBC5004E6793 /* RecordsViewController.swift */ = {isa = PBXFileReference; fileEncoding = 4; lastKnownFileType = sourcecode.swift; path = RecordsViewController.swift; sourceTree = "<group>"; };
		DABBB5FA2189EC3F004E6793 /* RLDetailedView.swift */ = {isa = PBXFileReference; fileEncoding = 4; lastKnownFileType = sourcecode.swift; path = RLDetailedView.swift; sourceTree = "<group>"; };
		DABBB5FB2189EC3F004E6793 /* RLDescriptionView.swift */ = {isa = PBXFileReference; fileEncoding = 4; lastKnownFileType = sourcecode.swift; path = RLDescriptionView.swift; sourceTree = "<group>"; };
		DABBB5FC2189EC3F004E6793 /* RLTableViewCell.xib */ = {isa = PBXFileReference; fileEncoding = 4; lastKnownFileType = file.xib; path = RLTableViewCell.xib; sourceTree = "<group>"; };
		DABBB5FD2189EC3F004E6793 /* RLTableViewCell.swift */ = {isa = PBXFileReference; fileEncoding = 4; lastKnownFileType = sourcecode.swift; path = RLTableViewCell.swift; sourceTree = "<group>"; };
/* End PBXFileReference section */

/* Begin PBXFrameworksBuildPhase section */
		692D30AD21822FBB00BB5420 /* Frameworks */ = {
			isa = PBXFrameworksBuildPhase;
			buildActionMask = 2147483647;
			files = (
				7467FEF4A1461D5059EFB5F5 /* Pods_KituraTeamSchedule.framework in Frameworks */,
			);
			runOnlyForDeploymentPostprocessing = 0;
		};
/* End PBXFrameworksBuildPhase section */

/* Begin PBXGroup section */
		32F51800218786D600E026F3 /* Service */ = {
			isa = PBXGroup;
			children = (
				32F5180B218856A900E026F3 /* Service.swift */,
				32F517FB218786CB00E026F3 /* Service+GET.swift */,
				32F517FA218786CB00E026F3 /* Service+POST.swift */,
				32F5180921884D6600E026F3 /* Service+Authentication.swift */,
			);
			path = Service;
			sourceTree = "<group>";
		};
		32F5181121885BF900E026F3 /* ViewControllers */ = {
			isa = PBXGroup;
			children = (
				DA877A70218A18470007B147 /* AddRecordViewController */,
				32F518182188738C00E026F3 /* Welcome */,
				32F518172188737D00E026F3 /* SignIn */,
				32F5182421889E9B00E026F3 /* SignUp */,
				62984BEA2189A9BF0082121E /* UserLIst */,
				DABBB5F22189EBC5004E6793 /* RecordsViewController */,
			);
			path = ViewControllers;
			sourceTree = "<group>";
		};
		32F518172188737D00E026F3 /* SignIn */ = {
			isa = PBXGroup;
			children = (
				32F5180D21885BEF00E026F3 /* SignInViewController.swift */,
				62984C16218A026C0082121E /* SignInViewController+KeyboardHandling.swift */,
				62984C18218A02830082121E /* SignInViewController+UITextFieldDelegate.swift */,
				32F5180E21885BEF00E026F3 /* SignInViewController.xib */,
			);
			path = SignIn;
			sourceTree = "<group>";
		};
		32F518182188738C00E026F3 /* Welcome */ = {
			isa = PBXGroup;
			children = (
				32F5181B218879C800E026F3 /* WelcomeViewController.swift */,
				32F518192188793E00E026F3 /* WelcomeViewController.xib */,
			);
			path = Welcome;
			sourceTree = "<group>";
		};
		32F5181F218893B800E026F3 /* Categories */ = {
			isa = PBXGroup;
			children = (
				DA877A71218A1E0F0007B147 /* UItextField+Appearance.swift */,
				62984BFC2189BBBC0082121E /* Dactionary+Users.swift */,
				62984C072189C0140082121E /* UIColor+UserColor.swift */,
				32F5181D2188939800E026F3 /* UIVew+Animation.swift */,
				62984BF82189B8120082121E /* UIView+Shake.swift */,
				62984BF62189B11F0082121E /* UIViewController+ShowErrorAlert.swift */,
				DABBB5E62189EB80004E6793 /* Date+Format.swift */,
				DABBB5E72189EB80004E6793 /* String+Format.swift */,
				DABBB5E92189EB80004E6793 /* UIViewController+Constraints.swift */,
				62984C102189F6230082121E /* UIViewController+KeyboardHandler.swift */,
			);
			path = Categories;
			sourceTree = "<group>";
		};
		32F5182421889E9B00E026F3 /* SignUp */ = {
			isa = PBXGroup;
			children = (
				32F5182121889E8D00E026F3 /* SignUpViewController.swift */,
				62984C142189FF220082121E /* SignUpViewController+UITextFieldDelegate.swift */,
				62984C122189FC940082121E /* SignUpViewController+KeyboardHandling.swift */,
				32F5182021889E8D00E026F3 /* SignUpViewController.xib */,
			);
			path = SignUp;
			sourceTree = "<group>";
		};
		62984BEA2189A9BF0082121E /* UserLIst */ = {
			isa = PBXGroup;
			children = (
				62984BE62189A9B80082121E /* UserListViewController.swift */,
				62984BFA2189B88E0082121E /* UserListViewController+TableView.swift */,
				62984C092189C7D20082121E /* UserListViewController+FetchUsers.swift */,
				62984BE72189A9B80082121E /* UserListViewController.xib */,
			);
			path = UserLIst;
			sourceTree = "<group>";
		};
		62984BFE2189BE740082121E /* Views */ = {
			isa = PBXGroup;
			children = (
				DA877A6A218A180B0007B147 /* KPIDateSetter.swift */,
				DA877A68218A180B0007B147 /* KPIDateSetter.xib */,
				62984BFF2189BE900082121E /* UserTableViewCell */,
				DABBB5F92189EC3F004E6793 /* RecordTableViewCell */,
			);
			path = Views;
			sourceTree = "<group>";
		};
		62984BFF2189BE900082121E /* UserTableViewCell */ = {
			isa = PBXGroup;
			children = (
				62984C012189BE900082121E /* UserTableViewCell.swift */,
				62984C002189BE900082121E /* UserTableViewCell.xib */,
			);
			path = UserTableViewCell;
			sourceTree = "<group>";
		};
		62984C042189BFC30082121E /* Constants */ = {
			isa = PBXGroup;
			children = (
				62984C052189BFE90082121E /* Constants+NibNames.swift */,
			);
			path = Constants;
			sourceTree = "<group>";
		};
		62984C0D2189C83B0082121E /* Navigation */ = {
			isa = PBXGroup;
			children = (
				62984C0B2189C8300082121E /* Navigation.swift */,
				62984C0E2189C8C60082121E /* KituraTabBarController.swift */,
			);
			path = Navigation;
			sourceTree = "<group>";
		};
		692D30A721822FBB00BB5420 = {
			isa = PBXGroup;
			children = (
				692D30B221822FBB00BB5420 /* KituraTeamSchedule */,
				692D30B121822FBB00BB5420 /* Products */,
				AA4175DC4E940FE42A15B45A /* Pods */,
				CE4654A3CD5008DDA0A132F7 /* Frameworks */,
			);
			sourceTree = "<group>";
		};
		692D30B121822FBB00BB5420 /* Products */ = {
			isa = PBXGroup;
			children = (
				692D30B021822FBB00BB5420 /* KituraTeamSchedule.app */,
			);
			name = Products;
			sourceTree = "<group>";
		};
		692D30B221822FBB00BB5420 /* KituraTeamSchedule */ = {
			isa = PBXGroup;
			children = (
				692D30B321822FBB00BB5420 /* AppDelegate.swift */,
				62984C042189BFC30082121E /* Constants */,
				692D30D221823EDC00BB5420 /* Models */,
				62984BFE2189BE740082121E /* Views */,
				32F51800218786D600E026F3 /* Service */,
				62984C0D2189C83B0082121E /* Navigation */,
				32F5181F218893B800E026F3 /* Categories */,
				32F5181121885BF900E026F3 /* ViewControllers */,
				692D30B721822FBB00BB5420 /* Main.storyboard */,
				692D30BA21822FBC00BB5420 /* Assets.xcassets */,
				692D30BC21822FBC00BB5420 /* LaunchScreen.storyboard */,
				692D30BF21822FBC00BB5420 /* Info.plist */,
			);
			path = KituraTeamSchedule;
			sourceTree = "<group>";
		};
		692D30D221823EDC00BB5420 /* Models */ = {
			isa = PBXGroup;
			children = (
				692D30D321823EDC00BB5420 /* Reason.swift */,
				692D30D421823EDC00BB5420 /* Cred.swift */,
				692D30D521823EDC00BB5420 /* User.swift */,
				692D30D621823EDC00BB5420 /* Record.swift */,
				692D30D721823EDC00BB5420 /* Color.swift */,
			);
			path = Models;
			sourceTree = "<group>";
		};
		AA4175DC4E940FE42A15B45A /* Pods */ = {
			isa = PBXGroup;
			children = (
				CD3CA6494FE8361A28CA141B /* Pods-KituraTeamSchedule.debug.xcconfig */,
				4F9518F0CBA3EEABD1170329 /* Pods-KituraTeamSchedule.release.xcconfig */,
			);
			name = Pods;
			sourceTree = "<group>";
		};
		CE4654A3CD5008DDA0A132F7 /* Frameworks */ = {
			isa = PBXGroup;
			children = (
				041672A5B435806AB3E9516B /* Pods_KituraTeamSchedule.framework */,
			);
			name = Frameworks;
			sourceTree = "<group>";
		};
		DA877A70218A18470007B147 /* AddRecordViewController */ = {
			isa = PBXGroup;
			children = (
				DA877A6B218A180B0007B147 /* AddRecordViewController.swift */,
				DA877A69218A180B0007B147 /* AddRecordViewController.xib */,
			);
			path = AddRecordViewController;
			sourceTree = "<group>";
		};
		DABBB5F22189EBC5004E6793 /* RecordsViewController */ = {
			isa = PBXGroup;
			children = (
				DABBB5F52189EBC5004E6793 /* RecordsViewController.swift */,
				DABBB5F32189EBC5004E6793 /* RecordsViewController+TableView.swift */,
				DABBB5F42189EBC5004E6793 /* RecordsViewController+SetupViews.swift */,
			);
			path = RecordsViewController;
			sourceTree = "<group>";
		};
		DABBB5F92189EC3F004E6793 /* RecordTableViewCell */ = {
			isa = PBXGroup;
			children = (
				DABBB5FA2189EC3F004E6793 /* RLDetailedView.swift */,
				DABBB5FB2189EC3F004E6793 /* RLDescriptionView.swift */,
				DABBB5FC2189EC3F004E6793 /* RLTableViewCell.xib */,
				DABBB5FD2189EC3F004E6793 /* RLTableViewCell.swift */,
			);
			path = RecordTableViewCell;
			sourceTree = "<group>";
		};
/* End PBXGroup section */

/* Begin PBXNativeTarget section */
		692D30AF21822FBB00BB5420 /* KituraTeamSchedule */ = {
			isa = PBXNativeTarget;
			buildConfigurationList = 692D30C221822FBC00BB5420 /* Build configuration list for PBXNativeTarget "KituraTeamSchedule" */;
			buildPhases = (
				81A6663C8CFBF2A910339807 /* [CP] Check Pods Manifest.lock */,
				692D30AC21822FBB00BB5420 /* Sources */,
				692D30AD21822FBB00BB5420 /* Frameworks */,
				692D30AE21822FBB00BB5420 /* Resources */,
				245783F915240758207DCC16 /* [CP] Embed Pods Frameworks */,
			);
			buildRules = (
			);
			dependencies = (
			);
			name = KituraTeamSchedule;
			productName = KituraTeamSchedule;
			productReference = 692D30B021822FBB00BB5420 /* KituraTeamSchedule.app */;
			productType = "com.apple.product-type.application";
		};
/* End PBXNativeTarget section */

/* Begin PBXProject section */
		692D30A821822FBB00BB5420 /* Project object */ = {
			isa = PBXProject;
			attributes = {
				LastSwiftUpdateCheck = 0940;
				LastUpgradeCheck = 0940;
				ORGANIZATIONNAME = KituraTeam;
				TargetAttributes = {
					692D30AF21822FBB00BB5420 = {
						CreatedOnToolsVersion = 9.4.1;
					};
				};
			};
			buildConfigurationList = 692D30AB21822FBB00BB5420 /* Build configuration list for PBXProject "KituraTeamSchedule" */;
			compatibilityVersion = "Xcode 9.3";
			developmentRegion = en;
			hasScannedForEncodings = 0;
			knownRegions = (
				en,
				Base,
			);
			mainGroup = 692D30A721822FBB00BB5420;
			productRefGroup = 692D30B121822FBB00BB5420 /* Products */;
			projectDirPath = "";
			projectRoot = "";
			targets = (
				692D30AF21822FBB00BB5420 /* KituraTeamSchedule */,
			);
		};
/* End PBXProject section */

/* Begin PBXResourcesBuildPhase section */
		692D30AE21822FBB00BB5420 /* Resources */ = {
			isa = PBXResourcesBuildPhase;
			buildActionMask = 2147483647;
			files = (
				62984C022189BE900082121E /* UserTableViewCell.xib in Resources */,
				DABBB6002189EC3F004E6793 /* RLTableViewCell.xib in Resources */,
				32F5181021885BEF00E026F3 /* SignInViewController.xib in Resources */,
				32F5181A2188793E00E026F3 /* WelcomeViewController.xib in Resources */,
				32F5182221889E8D00E026F3 /* SignUpViewController.xib in Resources */,
				DA877A6C218A180B0007B147 /* KPIDateSetter.xib in Resources */,
				692D30BE21822FBC00BB5420 /* LaunchScreen.storyboard in Resources */,
				62984BE92189A9B80082121E /* UserListViewController.xib in Resources */,
				692D30BB21822FBC00BB5420 /* Assets.xcassets in Resources */,
				DA877A6D218A180B0007B147 /* AddRecordViewController.xib in Resources */,
				692D30B921822FBB00BB5420 /* Main.storyboard in Resources */,
			);
			runOnlyForDeploymentPostprocessing = 0;
		};
/* End PBXResourcesBuildPhase section */

/* Begin PBXShellScriptBuildPhase section */
		245783F915240758207DCC16 /* [CP] Embed Pods Frameworks */ = {
			isa = PBXShellScriptBuildPhase;
			buildActionMask = 2147483647;
			files = (
			);
			inputPaths = (
				"${SRCROOT}/Pods/Target Support Files/Pods-KituraTeamSchedule/Pods-KituraTeamSchedule-frameworks.sh",
				"${BUILT_PRODUCTS_DIR}/KituraKit/KituraKit.framework",
			);
			name = "[CP] Embed Pods Frameworks";
			outputPaths = (
				"${TARGET_BUILD_DIR}/${FRAMEWORKS_FOLDER_PATH}/KituraKit.framework",
			);
			runOnlyForDeploymentPostprocessing = 0;
			shellPath = /bin/sh;
			shellScript = "\"${SRCROOT}/Pods/Target Support Files/Pods-KituraTeamSchedule/Pods-KituraTeamSchedule-frameworks.sh\"\n";
			showEnvVarsInLog = 0;
		};
		81A6663C8CFBF2A910339807 /* [CP] Check Pods Manifest.lock */ = {
			isa = PBXShellScriptBuildPhase;
			buildActionMask = 2147483647;
			files = (
			);
			inputPaths = (
				"${PODS_PODFILE_DIR_PATH}/Podfile.lock",
				"${PODS_ROOT}/Manifest.lock",
			);
			name = "[CP] Check Pods Manifest.lock";
			outputPaths = (
				"$(DERIVED_FILE_DIR)/Pods-KituraTeamSchedule-checkManifestLockResult.txt",
			);
			runOnlyForDeploymentPostprocessing = 0;
			shellPath = /bin/sh;
			shellScript = "diff \"${PODS_PODFILE_DIR_PATH}/Podfile.lock\" \"${PODS_ROOT}/Manifest.lock\" > /dev/null\nif [ $? != 0 ] ; then\n    # print error to STDERR\n    echo \"error: The sandbox is not in sync with the Podfile.lock. Run 'pod install' or update your CocoaPods installation.\" >&2\n    exit 1\nfi\n# This output is used by Xcode 'outputs' to avoid re-running this script phase.\necho \"SUCCESS\" > \"${SCRIPT_OUTPUT_FILE_0}\"\n";
			showEnvVarsInLog = 0;
		};
/* End PBXShellScriptBuildPhase section */

/* Begin PBXSourcesBuildPhase section */
		692D30AC21822FBB00BB5420 /* Sources */ = {
			isa = PBXSourcesBuildPhase;
			buildActionMask = 2147483647;
			files = (
				62984C032189BE900082121E /* UserTableViewCell.swift in Sources */,
				692D30D821823EDC00BB5420 /* Reason.swift in Sources */,
				DA877A6E218A180B0007B147 /* KPIDateSetter.swift in Sources */,
				62984C17218A026C0082121E /* SignInViewController+KeyboardHandling.swift in Sources */,
				DABBB5EF2189EB80004E6793 /* UIViewController+Constraints.swift in Sources */,
				DABBB5FF2189EC3F004E6793 /* RLDescriptionView.swift in Sources */,
				692D30DC21823EDC00BB5420 /* Color.swift in Sources */,
				DABBB5F62189EBC5004E6793 /* RecordsViewController+TableView.swift in Sources */,
				DABBB6012189EC3F004E6793 /* RLTableViewCell.swift in Sources */,
				DABBB5F82189EBC5004E6793 /* RecordsViewController.swift in Sources */,
				62984BF92189B8120082121E /* UIView+Shake.swift in Sources */,
				62984BFD2189BBBC0082121E /* Dactionary+Users.swift in Sources */,
				62984C0F2189C8C60082121E /* KituraTabBarController.swift in Sources */,
				62984C112189F6230082121E /* UIViewController+KeyboardHandler.swift in Sources */,
				692D30DB21823EDC00BB5420 /* Record.swift in Sources */,
				692D30B421822FBB00BB5420 /* AppDelegate.swift in Sources */,
				32F5180C218856A900E026F3 /* Service.swift in Sources */,
				32F5181C218879C800E026F3 /* WelcomeViewController.swift in Sources */,
				62984C152189FF220082121E /* SignUpViewController+UITextFieldDelegate.swift in Sources */,
				62984C132189FC940082121E /* SignUpViewController+KeyboardHandling.swift in Sources */,
				DABBB5F72189EBC5004E6793 /* RecordsViewController+SetupViews.swift in Sources */,
				32F517FE218786CB00E026F3 /* Service+GET.swift in Sources */,
				62984BF72189B11F0082121E /* UIViewController+ShowErrorAlert.swift in Sources */,
				DA877A72218A1E0F0007B147 /* UItextField+Appearance.swift in Sources */,
				62984C082189C0140082121E /* UIColor+UserColor.swift in Sources */,
				32F5180A21884D6600E026F3 /* Service+Authentication.swift in Sources */,
				32F5180F21885BEF00E026F3 /* SignInViewController.swift in Sources */,
				62984BE82189A9B80082121E /* UserListViewController.swift in Sources */,
				62984BFB2189B88E0082121E /* UserListViewController+TableView.swift in Sources */,
				692D30DA21823EDC00BB5420 /* User.swift in Sources */,
				62984C19218A02830082121E /* SignInViewController+UITextFieldDelegate.swift in Sources */,
				62984C0A2189C7D20082121E /* UserListViewController+FetchUsers.swift in Sources */,
				32F5181E2188939800E026F3 /* UIVew+Animation.swift in Sources */,
				62984C062189BFE90082121E /* Constants+NibNames.swift in Sources */,
				692D30D921823EDC00BB5420 /* Cred.swift in Sources */,
				DA877A6F218A180B0007B147 /* AddRecordViewController.swift in Sources */,
				62984C0C2189C8300082121E /* Navigation.swift in Sources */,
				32F517FD218786CB00E026F3 /* Service+POST.swift in Sources */,
				DABBB5ED2189EB80004E6793 /* String+Format.swift in Sources */,
				DABBB5EC2189EB80004E6793 /* Date+Format.swift in Sources */,
				32F5182321889E8D00E026F3 /* SignUpViewController.swift in Sources */,
				DABBB5FE2189EC3F004E6793 /* RLDetailedView.swift in Sources */,
			);
			runOnlyForDeploymentPostprocessing = 0;
		};
/* End PBXSourcesBuildPhase section */

/* Begin PBXVariantGroup section */
		692D30B721822FBB00BB5420 /* Main.storyboard */ = {
			isa = PBXVariantGroup;
			children = (
				692D30B821822FBB00BB5420 /* Base */,
			);
			name = Main.storyboard;
			sourceTree = "<group>";
		};
		692D30BC21822FBC00BB5420 /* LaunchScreen.storyboard */ = {
			isa = PBXVariantGroup;
			children = (
				692D30BD21822FBC00BB5420 /* Base */,
			);
			name = LaunchScreen.storyboard;
			sourceTree = "<group>";
		};
/* End PBXVariantGroup section */

/* Begin XCBuildConfiguration section */
		692D30C021822FBC00BB5420 /* Debug */ = {
			isa = XCBuildConfiguration;
			buildSettings = {
				ALWAYS_SEARCH_USER_PATHS = NO;
				CLANG_ANALYZER_NONNULL = YES;
				CLANG_ANALYZER_NUMBER_OBJECT_CONVERSION = YES_AGGRESSIVE;
				CLANG_CXX_LANGUAGE_STANDARD = "gnu++14";
				CLANG_CXX_LIBRARY = "libc++";
				CLANG_ENABLE_MODULES = YES;
				CLANG_ENABLE_OBJC_ARC = YES;
				CLANG_ENABLE_OBJC_WEAK = YES;
				CLANG_WARN_BLOCK_CAPTURE_AUTORELEASING = YES;
				CLANG_WARN_BOOL_CONVERSION = YES;
				CLANG_WARN_COMMA = YES;
				CLANG_WARN_CONSTANT_CONVERSION = YES;
				CLANG_WARN_DEPRECATED_OBJC_IMPLEMENTATIONS = YES;
				CLANG_WARN_DIRECT_OBJC_ISA_USAGE = YES_ERROR;
				CLANG_WARN_DOCUMENTATION_COMMENTS = YES;
				CLANG_WARN_EMPTY_BODY = YES;
				CLANG_WARN_ENUM_CONVERSION = YES;
				CLANG_WARN_INFINITE_RECURSION = YES;
				CLANG_WARN_INT_CONVERSION = YES;
				CLANG_WARN_NON_LITERAL_NULL_CONVERSION = YES;
				CLANG_WARN_OBJC_IMPLICIT_RETAIN_SELF = YES;
				CLANG_WARN_OBJC_LITERAL_CONVERSION = YES;
				CLANG_WARN_OBJC_ROOT_CLASS = YES_ERROR;
				CLANG_WARN_RANGE_LOOP_ANALYSIS = YES;
				CLANG_WARN_STRICT_PROTOTYPES = YES;
				CLANG_WARN_SUSPICIOUS_MOVE = YES;
				CLANG_WARN_UNGUARDED_AVAILABILITY = YES_AGGRESSIVE;
				CLANG_WARN_UNREACHABLE_CODE = YES;
				CLANG_WARN__DUPLICATE_METHOD_MATCH = YES;
				CODE_SIGN_IDENTITY = "iPhone Developer";
				COPY_PHASE_STRIP = NO;
				DEBUG_INFORMATION_FORMAT = dwarf;
				ENABLE_STRICT_OBJC_MSGSEND = YES;
				ENABLE_TESTABILITY = YES;
				GCC_C_LANGUAGE_STANDARD = gnu11;
				GCC_DYNAMIC_NO_PIC = NO;
				GCC_NO_COMMON_BLOCKS = YES;
				GCC_OPTIMIZATION_LEVEL = 0;
				GCC_PREPROCESSOR_DEFINITIONS = (
					"DEBUG=1",
					"$(inherited)",
				);
				GCC_WARN_64_TO_32_BIT_CONVERSION = YES;
				GCC_WARN_ABOUT_RETURN_TYPE = YES_ERROR;
				GCC_WARN_UNDECLARED_SELECTOR = YES;
				GCC_WARN_UNINITIALIZED_AUTOS = YES_AGGRESSIVE;
				GCC_WARN_UNUSED_FUNCTION = YES;
				GCC_WARN_UNUSED_VARIABLE = YES;
				IPHONEOS_DEPLOYMENT_TARGET = 11.4;
				MTL_ENABLE_DEBUG_INFO = YES;
				ONLY_ACTIVE_ARCH = YES;
				SDKROOT = iphoneos;
				SWIFT_ACTIVE_COMPILATION_CONDITIONS = DEBUG;
				SWIFT_OPTIMIZATION_LEVEL = "-Onone";
			};
			name = Debug;
		};
		692D30C121822FBC00BB5420 /* Release */ = {
			isa = XCBuildConfiguration;
			buildSettings = {
				ALWAYS_SEARCH_USER_PATHS = NO;
				CLANG_ANALYZER_NONNULL = YES;
				CLANG_ANALYZER_NUMBER_OBJECT_CONVERSION = YES_AGGRESSIVE;
				CLANG_CXX_LANGUAGE_STANDARD = "gnu++14";
				CLANG_CXX_LIBRARY = "libc++";
				CLANG_ENABLE_MODULES = YES;
				CLANG_ENABLE_OBJC_ARC = YES;
				CLANG_ENABLE_OBJC_WEAK = YES;
				CLANG_WARN_BLOCK_CAPTURE_AUTORELEASING = YES;
				CLANG_WARN_BOOL_CONVERSION = YES;
				CLANG_WARN_COMMA = YES;
				CLANG_WARN_CONSTANT_CONVERSION = YES;
				CLANG_WARN_DEPRECATED_OBJC_IMPLEMENTATIONS = YES;
				CLANG_WARN_DIRECT_OBJC_ISA_USAGE = YES_ERROR;
				CLANG_WARN_DOCUMENTATION_COMMENTS = YES;
				CLANG_WARN_EMPTY_BODY = YES;
				CLANG_WARN_ENUM_CONVERSION = YES;
				CLANG_WARN_INFINITE_RECURSION = YES;
				CLANG_WARN_INT_CONVERSION = YES;
				CLANG_WARN_NON_LITERAL_NULL_CONVERSION = YES;
				CLANG_WARN_OBJC_IMPLICIT_RETAIN_SELF = YES;
				CLANG_WARN_OBJC_LITERAL_CONVERSION = YES;
				CLANG_WARN_OBJC_ROOT_CLASS = YES_ERROR;
				CLANG_WARN_RANGE_LOOP_ANALYSIS = YES;
				CLANG_WARN_STRICT_PROTOTYPES = YES;
				CLANG_WARN_SUSPICIOUS_MOVE = YES;
				CLANG_WARN_UNGUARDED_AVAILABILITY = YES_AGGRESSIVE;
				CLANG_WARN_UNREACHABLE_CODE = YES;
				CLANG_WARN__DUPLICATE_METHOD_MATCH = YES;
				CODE_SIGN_IDENTITY = "iPhone Developer";
				COPY_PHASE_STRIP = NO;
				DEBUG_INFORMATION_FORMAT = "dwarf-with-dsym";
				ENABLE_NS_ASSERTIONS = NO;
				ENABLE_STRICT_OBJC_MSGSEND = YES;
				GCC_C_LANGUAGE_STANDARD = gnu11;
				GCC_NO_COMMON_BLOCKS = YES;
				GCC_WARN_64_TO_32_BIT_CONVERSION = YES;
				GCC_WARN_ABOUT_RETURN_TYPE = YES_ERROR;
				GCC_WARN_UNDECLARED_SELECTOR = YES;
				GCC_WARN_UNINITIALIZED_AUTOS = YES_AGGRESSIVE;
				GCC_WARN_UNUSED_FUNCTION = YES;
				GCC_WARN_UNUSED_VARIABLE = YES;
				IPHONEOS_DEPLOYMENT_TARGET = 11.4;
				MTL_ENABLE_DEBUG_INFO = NO;
				SDKROOT = iphoneos;
				SWIFT_COMPILATION_MODE = wholemodule;
				SWIFT_OPTIMIZATION_LEVEL = "-O";
				VALIDATE_PRODUCT = YES;
			};
			name = Release;
		};
		692D30C321822FBC00BB5420 /* Debug */ = {
			isa = XCBuildConfiguration;
			baseConfigurationReference = CD3CA6494FE8361A28CA141B /* Pods-KituraTeamSchedule.debug.xcconfig */;
			buildSettings = {
				ASSETCATALOG_COMPILER_APPICON_NAME = AppIcon;
				CODE_SIGN_STYLE = Automatic;
				DEVELOPMENT_TEAM = 5M3HNT6J9D;
				INFOPLIST_FILE = KituraTeamSchedule/Info.plist;
				LD_RUNPATH_SEARCH_PATHS = (
					"$(inherited)",
					"@executable_path/Frameworks",
				);
				PRODUCT_BUNDLE_IDENTIFIER = com.iOSLab.KituraTeamSchedule1;
				PRODUCT_NAME = "$(TARGET_NAME)";
				SWIFT_VERSION = 4.0;
				TARGETED_DEVICE_FAMILY = "1,2";
			};
			name = Debug;
		};
		692D30C421822FBC00BB5420 /* Release */ = {
			isa = XCBuildConfiguration;
			baseConfigurationReference = 4F9518F0CBA3EEABD1170329 /* Pods-KituraTeamSchedule.release.xcconfig */;
			buildSettings = {
				ASSETCATALOG_COMPILER_APPICON_NAME = AppIcon;
				CODE_SIGN_STYLE = Automatic;
				DEVELOPMENT_TEAM = 5M3HNT6J9D;
				INFOPLIST_FILE = KituraTeamSchedule/Info.plist;
				LD_RUNPATH_SEARCH_PATHS = (
					"$(inherited)",
					"@executable_path/Frameworks",
				);
				PRODUCT_BUNDLE_IDENTIFIER = com.iOSLab.KituraTeamSchedule1;
				PRODUCT_NAME = "$(TARGET_NAME)";
				SWIFT_VERSION = 4.0;
				TARGETED_DEVICE_FAMILY = "1,2";
			};
			name = Release;
		};
/* End XCBuildConfiguration section */

/* Begin XCConfigurationList section */
		692D30AB21822FBB00BB5420 /* Build configuration list for PBXProject "KituraTeamSchedule" */ = {
			isa = XCConfigurationList;
			buildConfigurations = (
				692D30C021822FBC00BB5420 /* Debug */,
				692D30C121822FBC00BB5420 /* Release */,
			);
			defaultConfigurationIsVisible = 0;
			defaultConfigurationName = Release;
		};
		692D30C221822FBC00BB5420 /* Build configuration list for PBXNativeTarget "KituraTeamSchedule" */ = {
			isa = XCConfigurationList;
			buildConfigurations = (
				692D30C321822FBC00BB5420 /* Debug */,
				692D30C421822FBC00BB5420 /* Release */,
			);
			defaultConfigurationIsVisible = 0;
			defaultConfigurationName = Release;
		};
/* End XCConfigurationList section */
	};
	rootObject = 692D30A821822FBB00BB5420 /* Project object */;
}
